
Microsoft Visual Studio Solution File, Format Version 12.00
# Visual Studio 2013
VisualStudioVersion = 12.0.40629.0
MinimumVisualStudioVersion = 10.0.40219.1
Project("{FAE04EC0-301F-11D3-BF4B-00C04F79EFBC}") = "simulacionDigital", "simulacionDigital\simulacionDigital.csproj", "{14EE2C27-5F73-44C8-8620-FE482326882F}"
EndProject
Project("{FAE04EC0-301F-11D3-BF4B-00C04F79EFBC}") = "SimulacionCajeroBanco", "SimulacionCajeroBanco\SimulacionCajeroBanco.csproj", "{E2632FB6-DB25-4A81-8489-9876EEEECC68}"
EndProject
Project("{FAE04EC0-301F-11D3-BF4B-00C04F79EFBC}") = "SimulacionCajeroBancoV2", "SimulacionCajeroBancoV2\SimulacionCajeroBancoV2.csproj", "{A845A6FA-14A9-467D-85F0-DCC35805FE71}"
EndProject
Global
	GlobalSection(SolutionConfigurationPlatforms) = preSolution
		Debug|Any CPU = Debug|Any CPU
		Release|Any CPU = Release|Any CPU
	EndGlobalSection
	GlobalSection(ProjectConfigurationPlatforms) = postSolution
		{14EE2C27-5F73-44C8-8620-FE482326882F}.Debug|Any CPU.ActiveCfg = Debug|Any CPU
		{14EE2C27-5F73-44C8-8620-FE482326882F}.Debug|Any CPU.Build.0 = Debug|Any CPU
		{14EE2C27-5F73-44C8-8620-FE482326882F}.Release|Any CPU.ActiveCfg = Release|Any CPU
		{14EE2C27-5F73-44C8-8620-FE482326882F}.Release|Any CPU.Build.0 = Release|Any CPU
		{E2632FB6-DB25-4A81-8489-9876EEEECC68}.Debug|Any CPU.ActiveCfg = Debug|Any CPU
		{E2632FB6-DB25-4A81-8489-9876EEEECC68}.Debug|Any CPU.Build.0 = Debug|Any CPU
		{E2632FB6-DB25-4A81-8489-9876EEEECC68}.Release|Any CPU.ActiveCfg = Release|Any CPU
		{E2632FB6-DB25-4A81-8489-9876EEEECC68}.Release|Any CPU.Build.0 = Release|Any CPU
		{A845A6FA-14A9-467D-85F0-DCC35805FE71}.Debug|Any CPU.ActiveCfg = Debug|Any CPU
		{A845A6FA-14A9-467D-85F0-DCC35805FE71}.Debug|Any CPU.Build.0 = Debug|Any CPU
		{A845A6FA-14A9-467D-85F0-DCC35805FE71}.Release|Any CPU.ActiveCfg = Release|Any CPU
		{A845A6FA-14A9-467D-85F0-DCC35805FE71}.Release|Any CPU.Build.0 = Release|Any CPU
	EndGlobalSection
	GlobalSection(SolutionProperties) = preSolution
		HideSolutionNode = FALSE
	EndGlobalSection
EndGlobal
